
Microsoft Visual Studio Solution File, Format Version 12.00
# Visual Studio Version 17
VisualStudioVersion = 17.3.32929.385
MinimumVisualStudioVersion = 10.0.40219.1
Project("{FAE04EC0-301F-11D3-BF4B-00C04F79EFBC}") = "TestWCFClient", "TestWCFClient\TestWCFClient.csproj", "{1088CD41-C9A0-4039-B9CF-C514DDA877D4}"
EndProject
Project("{FAE04EC0-301F-11D3-BF4B-00C04F79EFBC}") = "EditorEquipmentList", "EditorEquipmentList\EditorEquipmentList.csproj", "{1148307C-2D71-46EB-9BD2-43F110C1D9C4}"
EndProject
Project("{FAE04EC0-301F-11D3-BF4B-00C04F79EFBC}") = "FMSUtill", "FMSUtill\FMSUtill.csproj", "{FD9A0208-A628-4326-B59E-0E9C6BE69F1C}"
EndProject
Project("{FAE04EC0-301F-11D3-BF4B-00C04F79EFBC}") = "MonitorFMS", "MonitorFMS\MonitorFMS.csproj", "{2A198EE0-CBF6-4CF8-BCDC-0D45D645060A}"
EndProject
Project("{FAE04EC0-301F-11D3-BF4B-00C04F79EFBC}") = "EditorSimulatorCSV", "EditorSimulatorCSV\EditorSimulatorCSV.csproj", "{C54290A3-A2E9-44AA-B2A8-0296F026D0A2}"
EndProject
Project("{FAE04EC0-301F-11D3-BF4B-00C04F79EFBC}") = "ToolReadingOCR", "ReadingOCR\ToolReadingOCR.csproj", "{60B4D85F-CA48-4303-970D-F228F84F91FC}"
EndProject
Project("{FAE04EC0-301F-11D3-BF4B-00C04F79EFBC}") = "ToolPDF2JPG", "ToolPDF2JPG\ToolPDF2JPG.csproj", "{F5B6A9BE-6DDF-464A-92A6-8D6CADF8D921}"
EndProject
Project("{2150E333-8FDC-42A3-9474-1A3956D46DE8}") = "ETC_Tool", "ETC_Tool", "{FF3907ED-DE99-4E73-ABA5-739294A8C273}"
EndProject
Project("{2150E333-8FDC-42A3-9474-1A3956D46DE8}") = "FMS_Tool", "FMS_Tool", "{1FA73D89-A113-42AE-BA26-2338C20A056B}"
EndProject
Project("{FAE04EC0-301F-11D3-BF4B-00C04F79EFBC}") = "SampleConsole", "SampleConsole\SampleConsole.csproj", "{B3C6695B-F051-4B18-8E51-F5701D4970A9}"
EndProject
Project("{2150E333-8FDC-42A3-9474-1A3956D46DE8}") = "Monitor_Tool", "Monitor_Tool", "{DE27ED28-A37F-46C0-9581-1873955F77CB}"
EndProject
Project("{FAE04EC0-301F-11D3-BF4B-00C04F79EFBC}") = "MonitorStock", "MonitorStock\MonitorStock.csproj", "{4EB90253-1306-4527-9726-F5642478E755}"
EndProject
Global
	GlobalSection(SolutionConfigurationPlatforms) = preSolution
		Debug|Any CPU = Debug|Any CPU
		Release|Any CPU = Release|Any CPU
	EndGlobalSection
	GlobalSection(ProjectConfigurationPlatforms) = postSolution
		{1088CD41-C9A0-4039-B9CF-C514DDA877D4}.Debug|Any CPU.ActiveCfg = Debug|Any CPU
		{1088CD41-C9A0-4039-B9CF-C514DDA877D4}.Debug|Any CPU.Build.0 = Debug|Any CPU
		{1088CD41-C9A0-4039-B9CF-C514DDA877D4}.Release|Any CPU.ActiveCfg = Release|Any CPU
		{1088CD41-C9A0-4039-B9CF-C514DDA877D4}.Release|Any CPU.Build.0 = Release|Any CPU
		{1148307C-2D71-46EB-9BD2-43F110C1D9C4}.Debug|Any CPU.ActiveCfg = Debug|Any CPU
		{1148307C-2D71-46EB-9BD2-43F110C1D9C4}.Debug|Any CPU.Build.0 = Debug|Any CPU
		{1148307C-2D71-46EB-9BD2-43F110C1D9C4}.Release|Any CPU.ActiveCfg = Release|Any CPU
		{1148307C-2D71-46EB-9BD2-43F110C1D9C4}.Release|Any CPU.Build.0 = Release|Any CPU
		{FD9A0208-A628-4326-B59E-0E9C6BE69F1C}.Debug|Any CPU.ActiveCfg = Debug|Any CPU
		{FD9A0208-A628-4326-B59E-0E9C6BE69F1C}.Debug|Any CPU.Build.0 = Debug|Any CPU
		{FD9A0208-A628-4326-B59E-0E9C6BE69F1C}.Release|Any CPU.ActiveCfg = Release|Any CPU
		{FD9A0208-A628-4326-B59E-0E9C6BE69F1C}.Release|Any CPU.Build.0 = Release|Any CPU
		{2A198EE0-CBF6-4CF8-BCDC-0D45D645060A}.Debug|Any CPU.ActiveCfg = Debug|Any CPU
		{2A198EE0-CBF6-4CF8-BCDC-0D45D645060A}.Debug|Any CPU.Build.0 = Debug|Any CPU
		{2A198EE0-CBF6-4CF8-BCDC-0D45D645060A}.Release|Any CPU.ActiveCfg = Release|Any CPU
		{2A198EE0-CBF6-4CF8-BCDC-0D45D645060A}.Release|Any CPU.Build.0 = Release|Any CPU
		{C54290A3-A2E9-44AA-B2A8-0296F026D0A2}.Debug|Any CPU.ActiveCfg = Debug|Any CPU
		{C54290A3-A2E9-44AA-B2A8-0296F026D0A2}.Debug|Any CPU.Build.0 = Debug|Any CPU
		{C54290A3-A2E9-44AA-B2A8-0296F026D0A2}.Release|Any CPU.ActiveCfg = Release|Any CPU
		{C54290A3-A2E9-44AA-B2A8-0296F026D0A2}.Release|Any CPU.Build.0 = Release|Any CPU
		{60B4D85F-CA48-4303-970D-F228F84F91FC}.Debug|Any CPU.ActiveCfg = Debug|Any CPU
		{60B4D85F-CA48-4303-970D-F228F84F91FC}.Debug|Any CPU.Build.0 = Debug|Any CPU
		{60B4D85F-CA48-4303-970D-F228F84F91FC}.Release|Any CPU.ActiveCfg = Release|Any CPU
		{60B4D85F-CA48-4303-970D-F228F84F91FC}.Release|Any CPU.Build.0 = Release|Any CPU
		{F5B6A9BE-6DDF-464A-92A6-8D6CADF8D921}.Debug|Any CPU.ActiveCfg = Debug|Any CPU
		{F5B6A9BE-6DDF-464A-92A6-8D6CADF8D921}.Debug|Any CPU.Build.0 = Debug|Any CPU
		{F5B6A9BE-6DDF-464A-92A6-8D6CADF8D921}.Release|Any CPU.ActiveCfg = Release|Any CPU
		{F5B6A9BE-6DDF-464A-92A6-8D6CADF8D921}.Release|Any CPU.Build.0 = Release|Any CPU
		{B3C6695B-F051-4B18-8E51-F5701D4970A9}.Debug|Any CPU.ActiveCfg = Debug|Any CPU
		{B3C6695B-F051-4B18-8E51-F5701D4970A9}.Debug|Any CPU.Build.0 = Debug|Any CPU
		{B3C6695B-F051-4B18-8E51-F5701D4970A9}.Release|Any CPU.ActiveCfg = Release|Any CPU
		{B3C6695B-F051-4B18-8E51-F5701D4970A9}.Release|Any CPU.Build.0 = Release|Any CPU
		{4EB90253-1306-4527-9726-F5642478E755}.Debug|Any CPU.ActiveCfg = Debug|Any CPU
		{4EB90253-1306-4527-9726-F5642478E755}.Debug|Any CPU.Build.0 = Debug|Any CPU
		{4EB90253-1306-4527-9726-F5642478E755}.Release|Any CPU.ActiveCfg = Release|Any CPU
		{4EB90253-1306-4527-9726-F5642478E755}.Release|Any CPU.Build.0 = Release|Any CPU
	EndGlobalSection
	GlobalSection(SolutionProperties) = preSolution
		HideSolutionNode = FALSE
	EndGlobalSection
	GlobalSection(NestedProjects) = preSolution
		{FD9A0208-A628-4326-B59E-0E9C6BE69F1C} = {1FA73D89-A113-42AE-BA26-2338C20A056B}
		{2A198EE0-CBF6-4CF8-BCDC-0D45D645060A} = {1FA73D89-A113-42AE-BA26-2338C20A056B}
		{C54290A3-A2E9-44AA-B2A8-0296F026D0A2} = {1FA73D89-A113-42AE-BA26-2338C20A056B}
		{60B4D85F-CA48-4303-970D-F228F84F91FC} = {FF3907ED-DE99-4E73-ABA5-739294A8C273}
		{F5B6A9BE-6DDF-464A-92A6-8D6CADF8D921} = {FF3907ED-DE99-4E73-ABA5-739294A8C273}
		{4EB90253-1306-4527-9726-F5642478E755} = {DE27ED28-A37F-46C0-9581-1873955F77CB}
	EndGlobalSection
	GlobalSection(ExtensibilityGlobals) = postSolution
		SolutionGuid = {9F8BB661-746D-478B-A574-B9F06092442F}
	EndGlobalSection
EndGlobal
